schema: '2.0'
stages:
  split:
    cmd: python src/data/make_dataset.py
    deps:
    - path: data/raw_data/raw.csv
      hash: md5
      md5: 076ef13ee7a9bf9dd021560d1f4084c3
      size: 330716
    - path: src/data/make_dataset.py
      hash: md5
      md5: 3b61355a6da6ddef435842c398d4de4a
      size: 1711
    outs:
    - path: data/processed_data/X_test.csv
      hash: md5
      md5: 48131f7488afaf293afca5618cada398
      size: 89686
    - path: data/processed_data/X_train.csv
      hash: md5
      md5: 2860e3fd4d515ec42f21aafebea24ea7
      size: 208684
    - path: data/processed_data/y_test.csv
      hash: md5
      md5: cee5e775763a3015fc6b54fd5b24a5f1
      size: 20618
    - path: data/processed_data/y_train.csv
      hash: md5
      md5: 2aab436678e4ba6810a6cd04bd5ff6ac
      size: 48130
  normalize:
    cmd: python src/data/normalize_dataset.py
    deps:
    - path: data/processed_data/X_test.csv
      hash: md5
      md5: 48131f7488afaf293afca5618cada398
      size: 89686
    - path: data/processed_data/X_train.csv
      hash: md5
      md5: 2860e3fd4d515ec42f21aafebea24ea7
      size: 208684
    - path: src/data/normalize_dataset.py
      hash: md5
      md5: 47b4a9b16a06b4adaed9cc208b03133d
      size: 699
    outs:
    - path: data/processed_data/X_test_scaled.csv
      hash: md5
      md5: ec3b8d79b5bcccca5b530c424c7affe8
      size: 89174
    - path: data/processed_data/X_train_scaled.csv
      hash: md5
      md5: 25f2eb334984c036f38af851630c3370
      size: 207835
  gridsearch:
    cmd: python src/models/model_gridsearch.py
    deps:
    - path: data/processed_data/X_train_scaled.csv
      hash: md5
      md5: 25f2eb334984c036f38af851630c3370
      size: 207835
    - path: data/processed_data/y_train.csv
      hash: md5
      md5: 2aab436678e4ba6810a6cd04bd5ff6ac
      size: 48130
    - path: src/models/model_gridsearch.py
      hash: md5
      md5: 3be2105f1b424bff20c3d32310565dfc
      size: 1877
    outs:
    - path: models/best_params.pkl
      hash: md5
      md5: f7787d1b3e2b541918338ff6b93f7027
      size: 160
  train:
    cmd: python src/models/model_train.py
    deps:
    - path: data/processed_data/X_train_scaled.csv
      hash: md5
      md5: 25f2eb334984c036f38af851630c3370
      size: 207835
    - path: data/processed_data/y_train.csv
      hash: md5
      md5: 2aab436678e4ba6810a6cd04bd5ff6ac
      size: 48130
    - path: models/best_params.pkl
      hash: md5
      md5: f7787d1b3e2b541918338ff6b93f7027
      size: 160
    - path: src/models/model_train.py
      hash: md5
      md5: 9e25e07a11c0b0eab004b19ffed995f5
      size: 669
    outs:
    - path: models/model.pkl
      hash: md5
      md5: e8dea789c358312562204b66996fcd3a
      size: 1080
  evaluate:
    cmd: python src/models/model_evaluate.py
    deps:
    - path: data/processed_data/X_test_scaled.csv
      hash: md5
      md5: ec3b8d79b5bcccca5b530c424c7affe8
      size: 89174
    - path: data/processed_data/y_test.csv
      hash: md5
      md5: cee5e775763a3015fc6b54fd5b24a5f1
      size: 20618
    - path: models/model.pkl
      hash: md5
      md5: e8dea789c358312562204b66996fcd3a
      size: 1080
    - path: src/models/model_evaluate.py
      hash: md5
      md5: 71404bce1faa0a0866a66afc966cc5bf
      size: 1094
    outs:
    - path: data/predictions.csv
      hash: md5
      md5: 499d4eecb3624ae455bd167e116f6337
      size: 21053
    - path: metrics/scores.json
      hash: md5
      md5: 55a3ca80b0967582ff7a472061fe838e
      size: 188
