schema: '2.0'
stages:
  split:
    cmd: python src/data/make_dataset.py
    deps:
    - path: data/raw_data/raw.csv
      hash: md5
      md5: 076ef13ee7a9bf9dd021560d1f4084c3
      size: 330716
    - path: src/data/make_dataset.py
      hash: md5
      md5: 2479a42193e559e19307dbace7223e81
      size: 1597
    outs:
    - path: data/processed_data/X_test.csv
      hash: md5
      md5: 48131f7488afaf293afca5618cada398
      size: 89686
    - path: data/processed_data/X_train.csv
      hash: md5
      md5: 2860e3fd4d515ec42f21aafebea24ea7
      size: 208684
    - path: data/processed_data/y_test.csv
      hash: md5
      md5: cee5e775763a3015fc6b54fd5b24a5f1
      size: 20618
    - path: data/processed_data/y_train.csv
      hash: md5
      md5: 2aab436678e4ba6810a6cd04bd5ff6ac
      size: 48130
  normalize:
    cmd: python src/data/normalize_dataset.py
    deps:
    - path: data/processed_data/X_test.csv
      hash: md5
      md5: 48131f7488afaf293afca5618cada398
      size: 89686
    - path: data/processed_data/X_train.csv
      hash: md5
      md5: 2860e3fd4d515ec42f21aafebea24ea7
      size: 208684
    - path: src/data/normalize_dataset.py
      hash: md5
      md5: 8b32d7cd9bc7c42f826268bafdf0b463
      size: 703
    outs:
    - path: data/processed_data/X_test_scaled.csv
      hash: md5
      md5: ccb780b7cc886e51e34374d910e12ca6
      size: 87512
    - path: data/processed_data/X_train_scaled.csv
      hash: md5
      md5: 08ceb27391466161237e250afaed777a
      size: 203921
  gridsearch:
    cmd: python src/models/model_gridsearch.py
    deps:
    - path: data/processed_data/X_train_scaled.csv
      hash: md5
      md5: 08ceb27391466161237e250afaed777a
      size: 203921
    - path: data/processed_data/y_train.csv
      hash: md5
      md5: 2aab436678e4ba6810a6cd04bd5ff6ac
      size: 48130
    - path: src/models/model_gridsearch.py
      hash: md5
      md5: 50cb44582aae6fbb75d34e36c78fbaca
      size: 1787
    outs:
    - path: models/best_params.pkl
      hash: md5
      md5: 3309e54e4a226926c917f637ad36a047
      size: 211
  train:
    cmd: python src/models/model_train.py
    deps:
    - path: data/processed_data/X_train_scaled.csv
      hash: md5
      md5: 08ceb27391466161237e250afaed777a
      size: 203921
    - path: data/processed_data/y_train.csv
      hash: md5
      md5: 2aab436678e4ba6810a6cd04bd5ff6ac
      size: 48130
    - path: models/best_params.pkl
      hash: md5
      md5: 3309e54e4a226926c917f637ad36a047
      size: 211
    - path: src/models/model_train.py
      hash: md5
      md5: bf577b935dfa3b582825828c9518782b
      size: 695
    outs:
    - path: models/model.pkl
      hash: md5
      md5: 334e80d6c9ce0c1fd1b3e7b4d2dccee7
      size: 511896
  evaluate:
    cmd: python src/models/model_evaluate.py
    deps:
    - path: data/processed_data/X_test_scaled.csv
      hash: md5
      md5: ccb780b7cc886e51e34374d910e12ca6
      size: 87512
    - path: data/processed_data/y_test.csv
      hash: md5
      md5: cee5e775763a3015fc6b54fd5b24a5f1
      size: 20618
    - path: models/model.pkl
      hash: md5
      md5: 334e80d6c9ce0c1fd1b3e7b4d2dccee7
      size: 511896
    - path: src/models/model_evaluate.py
      hash: md5
      md5: d0e122fb2165b000f34e39c3a3780144
      size: 969
    outs:
    - path: metrics/scores.json
      hash: md5
      md5: 4a90c401f304b672b2dd72a6872af6dd
      size: 191
